{
  "nodes": {
    "fenix": {
      "inputs": {
        "nixpkgs": [
          "nixpkgs"
        ],
        "rust-analyzer-src": "rust-analyzer-src"
      },
      "locked": {
        "lastModified": 1759301100,
        "narHash": "sha256-hmiTEoVAqLnn80UkreCNunnRKPucKvcg5T4/CELEtbw=",
        "owner": "nix-community",
        "repo": "fenix",
        "rev": "0956bc5d1df2ea800010172c6bc4470d9a22cb81",
        "type": "github"
      },
      "original": {
        "owner": "nix-community",
        "ref": "monthly",
        "repo": "fenix",
        "type": "github"
      }
    },
    "nixpkgs": {
      "locked": {
        "lastModified": 1736437047,
        "narHash": "sha256-JJBziecfU+56SUNxeJlDIgixJN5WYuADd+/TVd5sQos=",
        "owner": "nixos",
        "repo": "nixpkgs",
        "rev": "f17b95775191ea44bc426831235d87affb10faba",
        "type": "github"
      },
      "original": {
        "owner": "nixos",
        "ref": "staging-next",
        "repo": "nixpkgs",
        "type": "github"
      }
    },
    "pimalaya": {
      "flake": false,
      "locked": {
        "lastModified": 1767900157,
        "narHash": "sha256-odSDfA4npCXhO/PimEbRe15KY+NPkCtTKLeiIBX1alc=",
        "owner": "pimalaya",
        "repo": "nix",
        "rev": "a6ca8acb17d2dcd9312c53f8e07fb510769c28e1",
        "type": "github"
      },
      "original": {
        "owner": "pimalaya",
        "repo": "nix",
        "type": "github"
      }
    },
    "root": {
      "inputs": {
        "fenix": "fenix",
        "nixpkgs": "nixpkgs",
        "pimalaya": "pimalaya"
      }
    },
    "rust-analyzer-src": {
      "flake": false,
      "locked": {
        "lastModified": 1759245522,
        "narHash": "sha256-H4Hx/EuMJ9qi1WzPV4UG2bbZiDCdREtrtDvYcHr0kmk=",
        "owner": "rust-lang",
        "repo": "rust-analyzer",
        "rev": "a6bc4a4bbe6a65b71cbf76a0cf528c47a8d9f97f",
        "type": "github"
      },
      "original": {
        "owner": "rust-lang",
        "ref": "nightly",
        "repo": "rust-analyzer",
        "type": "github"
      }
    }
  },
  "root": "root",
  "version": 7
}
